
Microsoft Visual Studio Solution File, Format Version 12.00
# Visual Studio Version 17
VisualStudioVersion = 17.5.002.0
MinimumVisualStudioVersion = 10.0.40219.1
Project("{2150E333-8FDC-42A3-9474-1A3956D46DE8}") = "csharp-prep", "csharp-prep", "{F962F7CF-55A2-4BCC-82CC-706E05C11D3D}"
EndProject
Project("{9A19103F-16F7-4668-BE54-9A1E7A4F7556}") = "Prep1", "csharp-prep\Prep1\Prep1.csproj", "{6674F88C-2EA3-4B80-9CB1-02EBF57F7793}"
EndProject
Project("{9A19103F-16F7-4668-BE54-9A1E7A4F7556}") = "Prep2", "csharp-prep\Prep2\Prep2.csproj", "{59639F9A-8045-40F3-BFE3-241CBD123B2A}"
EndProject
Project("{9A19103F-16F7-4668-BE54-9A1E7A4F7556}") = "Prep3", "csharp-prep\Prep3\Prep3.csproj", "{DF25031A-35A6-484B-876A-52D2D9F49BAF}"
EndProject
Project("{9A19103F-16F7-4668-BE54-9A1E7A4F7556}") = "Prep4", "csharp-prep\Prep4\Prep4.csproj", "{FA4917C0-DCC8-49C7-B9C2-E02714C49F15}"
EndProject
Project("{9A19103F-16F7-4668-BE54-9A1E7A4F7556}") = "Prep5", "csharp-prep\Prep5\Prep5.csproj", "{A9F8BC1E-ACC4-4720-BD65-223BDA7702A2}"
EndProject
Project("{2150E333-8FDC-42A3-9474-1A3956D46DE8}") = "final", "final", "{2AB8847D-4CA6-45BF-A876-C38089FFEEB9}"
EndProject
Project("{9A19103F-16F7-4668-BE54-9A1E7A4F7556}") = "FinalProject", "final\FinalProject\FinalProject.csproj", "{4E2CEDF9-7723-429F-A58B-798B6AA5C248}"
EndProject
Project("{9A19103F-16F7-4668-BE54-9A1E7A4F7556}") = "Foundation1", "final\Foundation1\Foundation1.csproj", "{F80B32C4-9FCE-4A30-B115-C8DABFEC1466}"
EndProject
Project("{9A19103F-16F7-4668-BE54-9A1E7A4F7556}") = "Foundation2", "final\Foundation2\Foundation2.csproj", "{A3B87541-DEBC-4EA3-BB72-1F5F72674258}"
EndProject
Project("{9A19103F-16F7-4668-BE54-9A1E7A4F7556}") = "Foundation3", "final\Foundation3\Foundation3.csproj", "{4B8802D8-B3BC-44EE-BEF5-269683485AC5}"
EndProject
Project("{9A19103F-16F7-4668-BE54-9A1E7A4F7556}") = "Foundation4", "final\Foundation4\Foundation4.csproj", "{6F9781DA-6066-4820-A0DE-1292A8FF0830}"
EndProject
Project("{2150E333-8FDC-42A3-9474-1A3956D46DE8}") = "prepare", "prepare", "{F2BA3F40-4B35-4BF6-A300-86B8D30C5FD1}"
EndProject
Project("{9A19103F-16F7-4668-BE54-9A1E7A4F7556}") = "Learning02", "prepare\Learning02\Learning02.csproj", "{6A504B63-1E3B-4AE3-A7DA-CF22E851CF30}"
EndProject
Project("{9A19103F-16F7-4668-BE54-9A1E7A4F7556}") = "Learning03", "prepare\Learning03\Learning03.csproj", "{31DC0F23-B1A4-42E7-B26D-C9E74CC26ED5}"
EndProject
Project("{9A19103F-16F7-4668-BE54-9A1E7A4F7556}") = "Learning04", "prepare\Learning04\Learning04.csproj", "{CB93F08A-4526-4EA2-8214-FC8AF459BDBB}"
EndProject
Project("{9A19103F-16F7-4668-BE54-9A1E7A4F7556}") = "Learning05", "prepare\Learning05\Learning05.csproj", "{3CDCE77C-45C4-44CE-9E59-377B90DADDF8}"
EndProject
Project("{2150E333-8FDC-42A3-9474-1A3956D46DE8}") = "prove", "prove", "{F838E904-C999-412D-BA51-CCC8194945CE}"
EndProject
Project("{9A19103F-16F7-4668-BE54-9A1E7A4F7556}") = "Develop02", "prove\Develop02\Develop02.csproj", "{F9B031B3-E490-4ED6-83FD-94BC7A40CAD3}"
EndProject
Project("{9A19103F-16F7-4668-BE54-9A1E7A4F7556}") = "Develop03", "prove\Develop03\Develop03.csproj", "{5F03DC4E-3F18-4E12-A4FD-8EAD7F5A5D7C}"
EndProject
Project("{9A19103F-16F7-4668-BE54-9A1E7A4F7556}") = "Develop04", "prove\Develop04\Develop04.csproj", "{5CF2BD16-BE41-4C61-BD13-A0CAD2C764C0}"
EndProject
Project("{9A19103F-16F7-4668-BE54-9A1E7A4F7556}") = "Develop05", "prove\Develop05\Develop05.csproj", "{F234F321-10F5-4486-8B4D-8528FDE70911}"
EndProject
Project("{2150E333-8FDC-42A3-9474-1A3956D46DE8}") = "sandbox", "sandbox", "{9D849F0E-137C-488A-B4D8-955D8C56E1A6}"
EndProject
Project("{9A19103F-16F7-4668-BE54-9A1E7A4F7556}") = "Sandbox", "sandbox\Sandbox\Sandbox.csproj", "{EDB89F75-773F-4642-93D5-347B7D69589D}"
EndProject
Global
	GlobalSection(SolutionConfigurationPlatforms) = preSolution
		Debug|Any CPU = Debug|Any CPU
		Release|Any CPU = Release|Any CPU
	EndGlobalSection
	GlobalSection(ProjectConfigurationPlatforms) = postSolution
		{6674F88C-2EA3-4B80-9CB1-02EBF57F7793}.Debug|Any CPU.ActiveCfg = Debug|Any CPU
		{6674F88C-2EA3-4B80-9CB1-02EBF57F7793}.Debug|Any CPU.Build.0 = Debug|Any CPU
		{6674F88C-2EA3-4B80-9CB1-02EBF57F7793}.Release|Any CPU.ActiveCfg = Release|Any CPU
		{6674F88C-2EA3-4B80-9CB1-02EBF57F7793}.Release|Any CPU.Build.0 = Release|Any CPU
		{59639F9A-8045-40F3-BFE3-241CBD123B2A}.Debug|Any CPU.ActiveCfg = Debug|Any CPU
		{59639F9A-8045-40F3-BFE3-241CBD123B2A}.Debug|Any CPU.Build.0 = Debug|Any CPU
		{59639F9A-8045-40F3-BFE3-241CBD123B2A}.Release|Any CPU.ActiveCfg = Release|Any CPU
		{59639F9A-8045-40F3-BFE3-241CBD123B2A}.Release|Any CPU.Build.0 = Release|Any CPU
		{DF25031A-35A6-484B-876A-52D2D9F49BAF}.Debug|Any CPU.ActiveCfg = Debug|Any CPU
		{DF25031A-35A6-484B-876A-52D2D9F49BAF}.Debug|Any CPU.Build.0 = Debug|Any CPU
		{DF25031A-35A6-484B-876A-52D2D9F49BAF}.Release|Any CPU.ActiveCfg = Release|Any CPU
		{DF25031A-35A6-484B-876A-52D2D9F49BAF}.Release|Any CPU.Build.0 = Release|Any CPU
		{FA4917C0-DCC8-49C7-B9C2-E02714C49F15}.Debug|Any CPU.ActiveCfg = Debug|Any CPU
		{FA4917C0-DCC8-49C7-B9C2-E02714C49F15}.Debug|Any CPU.Build.0 = Debug|Any CPU
		{FA4917C0-DCC8-49C7-B9C2-E02714C49F15}.Release|Any CPU.ActiveCfg = Release|Any CPU
		{FA4917C0-DCC8-49C7-B9C2-E02714C49F15}.Release|Any CPU.Build.0 = Release|Any CPU
		{A9F8BC1E-ACC4-4720-BD65-223BDA7702A2}.Debug|Any CPU.ActiveCfg = Debug|Any CPU
		{A9F8BC1E-ACC4-4720-BD65-223BDA7702A2}.Debug|Any CPU.Build.0 = Debug|Any CPU
		{A9F8BC1E-ACC4-4720-BD65-223BDA7702A2}.Release|Any CPU.ActiveCfg = Release|Any CPU
		{A9F8BC1E-ACC4-4720-BD65-223BDA7702A2}.Release|Any CPU.Build.0 = Release|Any CPU
		{4E2CEDF9-7723-429F-A58B-798B6AA5C248}.Debug|Any CPU.ActiveCfg = Debug|Any CPU
		{4E2CEDF9-7723-429F-A58B-798B6AA5C248}.Debug|Any CPU.Build.0 = Debug|Any CPU
		{4E2CEDF9-7723-429F-A58B-798B6AA5C248}.Release|Any CPU.ActiveCfg = Release|Any CPU
		{4E2CEDF9-7723-429F-A58B-798B6AA5C248}.Release|Any CPU.Build.0 = Release|Any CPU
		{F80B32C4-9FCE-4A30-B115-C8DABFEC1466}.Debug|Any CPU.ActiveCfg = Debug|Any CPU
		{F80B32C4-9FCE-4A30-B115-C8DABFEC1466}.Debug|Any CPU.Build.0 = Debug|Any CPU
		{F80B32C4-9FCE-4A30-B115-C8DABFEC1466}.Release|Any CPU.ActiveCfg = Release|Any CPU
		{F80B32C4-9FCE-4A30-B115-C8DABFEC1466}.Release|Any CPU.Build.0 = Release|Any CPU
		{A3B87541-DEBC-4EA3-BB72-1F5F72674258}.Debug|Any CPU.ActiveCfg = Debug|Any CPU
		{A3B87541-DEBC-4EA3-BB72-1F5F72674258}.Debug|Any CPU.Build.0 = Debug|Any CPU
		{A3B87541-DEBC-4EA3-BB72-1F5F72674258}.Release|Any CPU.ActiveCfg = Release|Any CPU
		{A3B87541-DEBC-4EA3-BB72-1F5F72674258}.Release|Any CPU.Build.0 = Release|Any CPU
		{4B8802D8-B3BC-44EE-BEF5-269683485AC5}.Debug|Any CPU.ActiveCfg = Debug|Any CPU
		{4B8802D8-B3BC-44EE-BEF5-269683485AC5}.Debug|Any CPU.Build.0 = Debug|Any CPU
		{4B8802D8-B3BC-44EE-BEF5-269683485AC5}.Release|Any CPU.ActiveCfg = Release|Any CPU
		{4B8802D8-B3BC-44EE-BEF5-269683485AC5}.Release|Any CPU.Build.0 = Release|Any CPU
		{6F9781DA-6066-4820-A0DE-1292A8FF0830}.Debug|Any CPU.ActiveCfg = Debug|Any CPU
		{6F9781DA-6066-4820-A0DE-1292A8FF0830}.Debug|Any CPU.Build.0 = Debug|Any CPU
		{6F9781DA-6066-4820-A0DE-1292A8FF0830}.Release|Any CPU.ActiveCfg = Release|Any CPU
		{6F9781DA-6066-4820-A0DE-1292A8FF0830}.Release|Any CPU.Build.0 = Release|Any CPU
		{6A504B63-1E3B-4AE3-A7DA-CF22E851CF30}.Debug|Any CPU.ActiveCfg = Debug|Any CPU
		{6A504B63-1E3B-4AE3-A7DA-CF22E851CF30}.Debug|Any CPU.Build.0 = Debug|Any CPU
		{6A504B63-1E3B-4AE3-A7DA-CF22E851CF30}.Release|Any CPU.ActiveCfg = Release|Any CPU
		{6A504B63-1E3B-4AE3-A7DA-CF22E851CF30}.Release|Any CPU.Build.0 = Release|Any CPU
		{31DC0F23-B1A4-42E7-B26D-C9E74CC26ED5}.Debug|Any CPU.ActiveCfg = Debug|Any CPU
		{31DC0F23-B1A4-42E7-B26D-C9E74CC26ED5}.Debug|Any CPU.Build.0 = Debug|Any CPU
		{31DC0F23-B1A4-42E7-B26D-C9E74CC26ED5}.Release|Any CPU.ActiveCfg = Release|Any CPU
		{31DC0F23-B1A4-42E7-B26D-C9E74CC26ED5}.Release|Any CPU.Build.0 = Release|Any CPU
		{CB93F08A-4526-4EA2-8214-FC8AF459BDBB}.Debug|Any CPU.ActiveCfg = Debug|Any CPU
		{CB93F08A-4526-4EA2-8214-FC8AF459BDBB}.Debug|Any CPU.Build.0 = Debug|Any CPU
		{CB93F08A-4526-4EA2-8214-FC8AF459BDBB}.Release|Any CPU.ActiveCfg = Release|Any CPU
		{CB93F08A-4526-4EA2-8214-FC8AF459BDBB}.Release|Any CPU.Build.0 = Release|Any CPU
		{3CDCE77C-45C4-44CE-9E59-377B90DADDF8}.Debug|Any CPU.ActiveCfg = Debug|Any CPU
		{3CDCE77C-45C4-44CE-9E59-377B90DADDF8}.Debug|Any CPU.Build.0 = Debug|Any CPU
		{3CDCE77C-45C4-44CE-9E59-377B90DADDF8}.Release|Any CPU.ActiveCfg = Release|Any CPU
		{3CDCE77C-45C4-44CE-9E59-377B90DADDF8}.Release|Any CPU.Build.0 = Release|Any CPU
		{F9B031B3-E490-4ED6-83FD-94BC7A40CAD3}.Debug|Any CPU.ActiveCfg = Debug|Any CPU
		{F9B031B3-E490-4ED6-83FD-94BC7A40CAD3}.Debug|Any CPU.Build.0 = Debug|Any CPU
		{F9B031B3-E490-4ED6-83FD-94BC7A40CAD3}.Release|Any CPU.ActiveCfg = Release|Any CPU
		{F9B031B3-E490-4ED6-83FD-94BC7A40CAD3}.Release|Any CPU.Build.0 = Release|Any CPU
		{5F03DC4E-3F18-4E12-A4FD-8EAD7F5A5D7C}.Debug|Any CPU.ActiveCfg = Debug|Any CPU
		{5F03DC4E-3F18-4E12-A4FD-8EAD7F5A5D7C}.Debug|Any CPU.Build.0 = Debug|Any CPU
		{5F03DC4E-3F18-4E12-A4FD-8EAD7F5A5D7C}.Release|Any CPU.ActiveCfg = Release|Any CPU
		{5F03DC4E-3F18-4E12-A4FD-8EAD7F5A5D7C}.Release|Any CPU.Build.0 = Release|Any CPU
		{5CF2BD16-BE41-4C61-BD13-A0CAD2C764C0}.Debug|Any CPU.ActiveCfg = Debug|Any CPU
		{5CF2BD16-BE41-4C61-BD13-A0CAD2C764C0}.Debug|Any CPU.Build.0 = Debug|Any CPU
		{5CF2BD16-BE41-4C61-BD13-A0CAD2C764C0}.Release|Any CPU.ActiveCfg = Release|Any CPU
		{5CF2BD16-BE41-4C61-BD13-A0CAD2C764C0}.Release|Any CPU.Build.0 = Release|Any CPU
		{F234F321-10F5-4486-8B4D-8528FDE70911}.Debug|Any CPU.ActiveCfg = Debug|Any CPU
		{F234F321-10F5-4486-8B4D-8528FDE70911}.Debug|Any CPU.Build.0 = Debug|Any CPU
		{F234F321-10F5-4486-8B4D-8528FDE70911}.Release|Any CPU.ActiveCfg = Release|Any CPU
		{F234F321-10F5-4486-8B4D-8528FDE70911}.Release|Any CPU.Build.0 = Release|Any CPU
		{EDB89F75-773F-4642-93D5-347B7D69589D}.Debug|Any CPU.ActiveCfg = Debug|Any CPU
		{EDB89F75-773F-4642-93D5-347B7D69589D}.Debug|Any CPU.Build.0 = Debug|Any CPU
		{EDB89F75-773F-4642-93D5-347B7D69589D}.Release|Any CPU.ActiveCfg = Release|Any CPU
		{EDB89F75-773F-4642-93D5-347B7D69589D}.Release|Any CPU.Build.0 = Release|Any CPU
	EndGlobalSection
	GlobalSection(SolutionProperties) = preSolution
		HideSolutionNode = FALSE
	EndGlobalSection
	GlobalSection(NestedProjects) = preSolution
		{6674F88C-2EA3-4B80-9CB1-02EBF57F7793} = {F962F7CF-55A2-4BCC-82CC-706E05C11D3D}
		{59639F9A-8045-40F3-BFE3-241CBD123B2A} = {F962F7CF-55A2-4BCC-82CC-706E05C11D3D}
		{DF25031A-35A6-484B-876A-52D2D9F49BAF} = {F962F7CF-55A2-4BCC-82CC-706E05C11D3D}
		{FA4917C0-DCC8-49C7-B9C2-E02714C49F15} = {F962F7CF-55A2-4BCC-82CC-706E05C11D3D}
		{A9F8BC1E-ACC4-4720-BD65-223BDA7702A2} = {F962F7CF-55A2-4BCC-82CC-706E05C11D3D}
		{4E2CEDF9-7723-429F-A58B-798B6AA5C248} = {2AB8847D-4CA6-45BF-A876-C38089FFEEB9}
		{F80B32C4-9FCE-4A30-B115-C8DABFEC1466} = {2AB8847D-4CA6-45BF-A876-C38089FFEEB9}
		{A3B87541-DEBC-4EA3-BB72-1F5F72674258} = {2AB8847D-4CA6-45BF-A876-C38089FFEEB9}
		{4B8802D8-B3BC-44EE-BEF5-269683485AC5} = {2AB8847D-4CA6-45BF-A876-C38089FFEEB9}
		{6F9781DA-6066-4820-A0DE-1292A8FF0830} = {2AB8847D-4CA6-45BF-A876-C38089FFEEB9}
		{6A504B63-1E3B-4AE3-A7DA-CF22E851CF30} = {F2BA3F40-4B35-4BF6-A300-86B8D30C5FD1}
		{31DC0F23-B1A4-42E7-B26D-C9E74CC26ED5} = {F2BA3F40-4B35-4BF6-A300-86B8D30C5FD1}
		{CB93F08A-4526-4EA2-8214-FC8AF459BDBB} = {F2BA3F40-4B35-4BF6-A300-86B8D30C5FD1}
		{3CDCE77C-45C4-44CE-9E59-377B90DADDF8} = {F2BA3F40-4B35-4BF6-A300-86B8D30C5FD1}
		{F9B031B3-E490-4ED6-83FD-94BC7A40CAD3} = {F838E904-C999-412D-BA51-CCC8194945CE}
		{5F03DC4E-3F18-4E12-A4FD-8EAD7F5A5D7C} = {F838E904-C999-412D-BA51-CCC8194945CE}
		{5CF2BD16-BE41-4C61-BD13-A0CAD2C764C0} = {F838E904-C999-412D-BA51-CCC8194945CE}
		{F234F321-10F5-4486-8B4D-8528FDE70911} = {F838E904-C999-412D-BA51-CCC8194945CE}
		{EDB89F75-773F-4642-93D5-347B7D69589D} = {9D849F0E-137C-488A-B4D8-955D8C56E1A6}
	EndGlobalSection
	GlobalSection(ExtensibilityGlobals) = postSolution
		SolutionGuid = {32E21BD1-99B3-4156-B4E1-15639E195754}
	EndGlobalSection
EndGlobal
